
Microsoft Visual Studio Solution File, Format Version 12.00
# Visual Studio Version 16
VisualStudioVersion = 16.0.30114.105
MinimumVisualStudioVersion = 10.0.40219.1
Project("{FAE04EC0-301F-11D3-BF4B-00C04F79EFBC}") = "TextEditorSQLite", "TextEditorSQLite\TextEditorSQLite.csproj", "{DE5DD60A-E9A4-49B8-9339-9762AFD1D72D}"
EndProject
Global
	GlobalSection(SolutionConfigurationPlatforms) = preSolution
		Debug|Any CPU = Debug|Any CPU
		Release|Any CPU = Release|Any CPU
	EndGlobalSection
	GlobalSection(ProjectConfigurationPlatforms) = postSolution
		{DE5DD60A-E9A4-49B8-9339-9762AFD1D72D}.Debug|Any CPU.ActiveCfg = Debug|Any CPU
		{DE5DD60A-E9A4-49B8-9339-9762AFD1D72D}.Debug|Any CPU.Build.0 = Debug|Any CPU
		{DE5DD60A-E9A4-49B8-9339-9762AFD1D72D}.Release|Any CPU.ActiveCfg = Release|Any CPU
		{DE5DD60A-E9A4-49B8-9339-9762AFD1D72D}.Release|Any CPU.Build.0 = Release|Any CPU
	EndGlobalSection
	GlobalSection(SolutionProperties) = preSolution
		HideSolutionNode = FALSE
	EndGlobalSection
	GlobalSection(ExtensibilityGlobals) = postSolution
		SolutionGuid = {A64F8C25-ECB3-4BAE-BCAC-8822A8D82498}
	EndGlobalSection
EndGlobal
